
Microsoft Visual Studio Solution File, Format Version 12.00
Project("{FAE04EC0-301F-11D3-BF4B-00C04F79EFBC}") = "StringAverageKata", "StringAverageKata\StringAverageKata.csproj", "{88A9BF14-3425-45CD-8C75-7B7C2FC16C91}"
EndProject
Project("{FAE04EC0-301F-11D3-BF4B-00C04F79EFBC}") = "BandNameGeneratorKata", "BandNameGeneratorKata\BandNameGeneratorKata.csproj", "{9A39D1CF-8067-41D1-A4C0-727AA7FB137C}"
EndProject
Project("{FAE04EC0-301F-11D3-BF4B-00C04F79EFBC}") = "CountingDuplicatesKata", "CountingDuplicatesKata\CountingDuplicatesKata.csproj", "{B12FDFC2-BF83-4017-8D3F-7DF45DCA43E2}"
EndProject
Project("{FAE04EC0-301F-11D3-BF4B-00C04F79EFBC}") = "TwoSumKata", "TwoSumKata\TwoSumKata.csproj", "{D58DAFAA-418B-4565-A242-B1DD995EDD4A}"
EndProject
Project("{FAE04EC0-301F-11D3-BF4B-00C04F79EFBC}") = "ThreeSumKata", "ThreeSumKata\ThreeSumKata.csproj", "{644CF7D8-6194-4DA7-95FA-BBE7AAEAEE7B}"
EndProject
Project("{FAE04EC0-301F-11D3-BF4B-00C04F79EFBC}") = "NextBiggerNumberWithTheSameDigitsKata", "NextBiggerNumberWithTheSameDigitsKata\NextBiggerNumberWithTheSameDigitsKata.csproj", "{ED92A6BD-852A-4C3C-B61F-22934FE3CAE8}"
EndProject
Project("{FAE04EC0-301F-11D3-BF4B-00C04F79EFBC}") = "ContainsDuplicateIIKata", "ContainsDuplicateIIKata\ContainsDuplicateIIKata.csproj", "{DDFF3A64-6743-484B-AE2A-4095DEE959E6}"
EndProject
Global
	GlobalSection(SolutionConfigurationPlatforms) = preSolution
		Debug|Any CPU = Debug|Any CPU
		Release|Any CPU = Release|Any CPU
	EndGlobalSection
	GlobalSection(ProjectConfigurationPlatforms) = postSolution
		{88A9BF14-3425-45CD-8C75-7B7C2FC16C91}.Debug|Any CPU.ActiveCfg = Debug|Any CPU
		{88A9BF14-3425-45CD-8C75-7B7C2FC16C91}.Debug|Any CPU.Build.0 = Debug|Any CPU
		{88A9BF14-3425-45CD-8C75-7B7C2FC16C91}.Release|Any CPU.ActiveCfg = Release|Any CPU
		{88A9BF14-3425-45CD-8C75-7B7C2FC16C91}.Release|Any CPU.Build.0 = Release|Any CPU
		{9A39D1CF-8067-41D1-A4C0-727AA7FB137C}.Debug|Any CPU.ActiveCfg = Debug|Any CPU
		{9A39D1CF-8067-41D1-A4C0-727AA7FB137C}.Debug|Any CPU.Build.0 = Debug|Any CPU
		{9A39D1CF-8067-41D1-A4C0-727AA7FB137C}.Release|Any CPU.ActiveCfg = Release|Any CPU
		{9A39D1CF-8067-41D1-A4C0-727AA7FB137C}.Release|Any CPU.Build.0 = Release|Any CPU
		{B12FDFC2-BF83-4017-8D3F-7DF45DCA43E2}.Debug|Any CPU.ActiveCfg = Debug|Any CPU
		{B12FDFC2-BF83-4017-8D3F-7DF45DCA43E2}.Debug|Any CPU.Build.0 = Debug|Any CPU
		{B12FDFC2-BF83-4017-8D3F-7DF45DCA43E2}.Release|Any CPU.ActiveCfg = Release|Any CPU
		{B12FDFC2-BF83-4017-8D3F-7DF45DCA43E2}.Release|Any CPU.Build.0 = Release|Any CPU
		{D58DAFAA-418B-4565-A242-B1DD995EDD4A}.Debug|Any CPU.ActiveCfg = Debug|Any CPU
		{D58DAFAA-418B-4565-A242-B1DD995EDD4A}.Debug|Any CPU.Build.0 = Debug|Any CPU
		{D58DAFAA-418B-4565-A242-B1DD995EDD4A}.Release|Any CPU.ActiveCfg = Release|Any CPU
		{D58DAFAA-418B-4565-A242-B1DD995EDD4A}.Release|Any CPU.Build.0 = Release|Any CPU
		{644CF7D8-6194-4DA7-95FA-BBE7AAEAEE7B}.Debug|Any CPU.ActiveCfg = Debug|Any CPU
		{644CF7D8-6194-4DA7-95FA-BBE7AAEAEE7B}.Debug|Any CPU.Build.0 = Debug|Any CPU
		{644CF7D8-6194-4DA7-95FA-BBE7AAEAEE7B}.Release|Any CPU.ActiveCfg = Release|Any CPU
		{644CF7D8-6194-4DA7-95FA-BBE7AAEAEE7B}.Release|Any CPU.Build.0 = Release|Any CPU
		{ED92A6BD-852A-4C3C-B61F-22934FE3CAE8}.Debug|Any CPU.ActiveCfg = Debug|Any CPU
		{ED92A6BD-852A-4C3C-B61F-22934FE3CAE8}.Debug|Any CPU.Build.0 = Debug|Any CPU
		{ED92A6BD-852A-4C3C-B61F-22934FE3CAE8}.Release|Any CPU.ActiveCfg = Release|Any CPU
		{ED92A6BD-852A-4C3C-B61F-22934FE3CAE8}.Release|Any CPU.Build.0 = Release|Any CPU
		{DDFF3A64-6743-484B-AE2A-4095DEE959E6}.Debug|Any CPU.ActiveCfg = Debug|Any CPU
		{DDFF3A64-6743-484B-AE2A-4095DEE959E6}.Debug|Any CPU.Build.0 = Debug|Any CPU
		{DDFF3A64-6743-484B-AE2A-4095DEE959E6}.Release|Any CPU.ActiveCfg = Release|Any CPU
		{DDFF3A64-6743-484B-AE2A-4095DEE959E6}.Release|Any CPU.Build.0 = Release|Any CPU
	EndGlobalSection
EndGlobal
