
Microsoft Visual Studio Solution File, Format Version 12.00
Project("{FAE04EC0-301F-11D3-BF4B-00C04F79EFBC}") = "CodingDojo", "CodingDojo\CodingDojo.csproj", "{05AC55B0-0E68-4573-B5A8-CCCF0C4DA93C}"
EndProject
Project("{FAE04EC0-301F-11D3-BF4B-00C04F79EFBC}") = "StringAverageKata", "StringAverageKata\StringAverageKata.csproj", "{88A9BF14-3425-45CD-8C75-7B7C2FC16C91}"
EndProject
Global
	GlobalSection(SolutionConfigurationPlatforms) = preSolution
		Debug|Any CPU = Debug|Any CPU
		Release|Any CPU = Release|Any CPU
	EndGlobalSection
	GlobalSection(ProjectConfigurationPlatforms) = postSolution
		{05AC55B0-0E68-4573-B5A8-CCCF0C4DA93C}.Debug|Any CPU.ActiveCfg = Debug|Any CPU
		{05AC55B0-0E68-4573-B5A8-CCCF0C4DA93C}.Debug|Any CPU.Build.0 = Debug|Any CPU
		{05AC55B0-0E68-4573-B5A8-CCCF0C4DA93C}.Release|Any CPU.ActiveCfg = Release|Any CPU
		{05AC55B0-0E68-4573-B5A8-CCCF0C4DA93C}.Release|Any CPU.Build.0 = Release|Any CPU
		{88A9BF14-3425-45CD-8C75-7B7C2FC16C91}.Debug|Any CPU.ActiveCfg = Debug|Any CPU
		{88A9BF14-3425-45CD-8C75-7B7C2FC16C91}.Debug|Any CPU.Build.0 = Debug|Any CPU
		{88A9BF14-3425-45CD-8C75-7B7C2FC16C91}.Release|Any CPU.ActiveCfg = Release|Any CPU
		{88A9BF14-3425-45CD-8C75-7B7C2FC16C91}.Release|Any CPU.Build.0 = Release|Any CPU
	EndGlobalSection
EndGlobal
